<?xml version="1.0" encoding="UTF-8"?>
<Scheme
   version = "1.3">
   <BuildAction>
      <BuildActionEntries>
         <BuildActionEntry
            buildForRunning = "YES">
            <BuildableReference
               BuildableIdentifier = "primary"
               BlueprintIdentifier = "E9A7608D25BA5ADA008F8E11"
               BuildableName = "NDImagePreviewTest.app"
               BlueprintName = "NDImagePreviewTest"
               ReferencedContainer = "container:NDImagePreviewTest.xcodeproj">
            </BuildableReference>
         </BuildActionEntry>
      </BuildActionEntries>
   </BuildAction>
   <LaunchAction
      useCustomWorkingDirectory = "NO"
      buildConfiguration = "Debug"
      allowLocationSimulation = "YES">
      <BuildableProductRunnable>
         <BuildableReference
            BuildableIdentifier = "primary"
            BlueprintIdentifier = "E9A7608D25BA5ADA008F8E11"
            BuildableName = "NDImagePreviewTest.app"
            BlueprintName = "NDImagePreviewTest"
            ReferencedContainer = "container:NDImagePreviewTest.xcodeproj">
         </BuildableReference>
      </BuildableProductRunnable>
   </LaunchAction>
</Scheme>
